// !$*UTF8*$!
{
	archiveVersion = 1;
	classes = {
	};
	objectVersion = 56;
	objects = {

/* Begin PBXBuildFile section */
		CC01A3F42D0BF14000842120 /* main.swift in Sources */ = {isa = PBXBuildFile; fileRef = CC01A3F32D0BF14000842120 /* main.swift */; };
		CC01A3FB2D0BF8D800842120 /* 일곱난쟁이.swift in Sources */ = {isa = PBXBuildFile; fileRef = CC01A3FA2D0BF8D800842120 /* 일곱난쟁이.swift */; };
		CC01A3FD2D0BFC5D00842120 /* 알파벳 개수.swift in Sources */ = {isa = PBXBuildFile; fileRef = CC01A3FC2D0BFC5D00842120 /* 알파벳 개수.swift */; };
		CC01A4002D0C050600842120 /* 트럭주차.swift in Sources */ = {isa = PBXBuildFile; fileRef = CC01A3FF2D0C050600842120 /* 트럭주차.swift */; };
		CC01A4072D0D49A000842120 /* 펠린드롬 확인하기.swift in Sources */ = {isa = PBXBuildFile; fileRef = CC01A4062D0D49A000842120 /* 펠린드롬 확인하기.swift */; };
		CC01A4092D0D4BCD00842120 /* 농구경기.swift in Sources */ = {isa = PBXBuildFile; fileRef = CC01A4082D0D4BCD00842120 /* 농구경기.swift */; };
		CC01A40B2D0D534900842120 /* ROT13.swift in Sources */ = {isa = PBXBuildFile; fileRef = CC01A40A2D0D534900842120 /* ROT13.swift */; };
/* End PBXBuildFile section */

/* Begin PBXCopyFilesBuildPhase section */
		CC01A3EE2D0BF14000842120 /* CopyFiles */ = {
			isa = PBXCopyFilesBuildPhase;
			buildActionMask = 2147483647;
			dstPath = /usr/share/man/man1/;
			dstSubfolderSpec = 0;
			files = (
			);
			runOnlyForDeploymentPostprocessing = 1;
		};
/* End PBXCopyFilesBuildPhase section */

/* Begin PBXFileReference section */
		CC01A3F02D0BF14000842120 /* Baekjoon */ = {isa = PBXFileReference; explicitFileType = "compiled.mach-o.executable"; includeInIndex = 0; path = Baekjoon; sourceTree = BUILT_PRODUCTS_DIR; };
		CC01A3F32D0BF14000842120 /* main.swift */ = {isa = PBXFileReference; lastKnownFileType = sourcecode.swift; path = main.swift; sourceTree = "<group>"; };
		CC01A3FA2D0BF8D800842120 /* 일곱난쟁이.swift */ = {isa = PBXFileReference; lastKnownFileType = sourcecode.swift; path = "일곱난쟁이.swift"; sourceTree = "<group>"; };
		CC01A3FC2D0BFC5D00842120 /* 알파벳 개수.swift */ = {isa = PBXFileReference; lastKnownFileType = sourcecode.swift; path = "알파벳 개수.swift"; sourceTree = "<group>"; };
		CC01A3FF2D0C050600842120 /* 트럭주차.swift */ = {isa = PBXFileReference; lastKnownFileType = sourcecode.swift; path = "트럭주차.swift"; sourceTree = "<group>"; };
		CC01A4062D0D49A000842120 /* 펠린드롬 확인하기.swift */ = {isa = PBXFileReference; lastKnownFileType = sourcecode.swift; path = "펠린드롬 확인하기.swift"; sourceTree = "<group>"; };
		CC01A4082D0D4BCD00842120 /* 농구경기.swift */ = {isa = PBXFileReference; lastKnownFileType = sourcecode.swift; path = "농구경기.swift"; sourceTree = "<group>"; };
		CC01A40A2D0D534900842120 /* ROT13.swift */ = {isa = PBXFileReference; lastKnownFileType = sourcecode.swift; path = ROT13.swift; sourceTree = "<group>"; };
/* End PBXFileReference section */

/* Begin PBXFrameworksBuildPhase section */
		CC01A3ED2D0BF14000842120 /* Frameworks */ = {
			isa = PBXFrameworksBuildPhase;
			buildActionMask = 2147483647;
			files = (
			);
			runOnlyForDeploymentPostprocessing = 0;
		};
/* End PBXFrameworksBuildPhase section */

/* Begin PBXGroup section */
		CC01A3E72D0BF14000842120 = {
			isa = PBXGroup;
			children = (
				CC01A3F22D0BF14000842120 /* Baekjoon */,
				CC01A3F12D0BF14000842120 /* Products */,
			);
			sourceTree = "<group>";
		};
		CC01A3F12D0BF14000842120 /* Products */ = {
			isa = PBXGroup;
			children = (
				CC01A3F02D0BF14000842120 /* Baekjoon */,
			);
			name = Products;
			sourceTree = "<group>";
		};
		CC01A3F22D0BF14000842120 /* Baekjoon */ = {
			isa = PBXGroup;
			children = (
				CC01A3FE2D0C04B600842120 /* 1주차 - 재귀, 구현 */,
				CC01A3F32D0BF14000842120 /* main.swift */,
			);
			path = Baekjoon;
			sourceTree = "<group>";
		};
		CC01A3FE2D0C04B600842120 /* 1주차 - 재귀, 구현 */ = {
			isa = PBXGroup;
			children = (
				CC01A3FA2D0BF8D800842120 /* 일곱난쟁이.swift */,
				CC01A3FC2D0BFC5D00842120 /* 알파벳 개수.swift */,
				CC01A3FF2D0C050600842120 /* 트럭주차.swift */,
				CC01A4062D0D49A000842120 /* 펠린드롬 확인하기.swift */,
				CC01A4082D0D4BCD00842120 /* 농구경기.swift */,
				CC01A40A2D0D534900842120 /* ROT13.swift */,
			);
			name = "1주차 - 재귀, 구현";
			path = "1주차 - 재귀, 구현";
			sourceTree = "<group>";
		};
/* End PBXGroup section */

/* Begin PBXNativeTarget section */
		CC01A3EF2D0BF14000842120 /* Baekjoon */ = {
			isa = PBXNativeTarget;
			buildConfigurationList = CC01A3F72D0BF14000842120 /* Build configuration list for PBXNativeTarget "Baekjoon" */;
			buildPhases = (
				CC01A3EC2D0BF14000842120 /* Sources */,
				CC01A3ED2D0BF14000842120 /* Frameworks */,
				CC01A3EE2D0BF14000842120 /* CopyFiles */,
			);
			buildRules = (
			);
			dependencies = (
			);
			name = Baekjoon;
			productName = Baekjoon;
			productReference = CC01A3F02D0BF14000842120 /* Baekjoon */;
			productType = "com.apple.product-type.tool";
		};
/* End PBXNativeTarget section */

/* Begin PBXProject section */
		CC01A3E82D0BF14000842120 /* Project object */ = {
			isa = PBXProject;
			attributes = {
				BuildIndependentTargetsInParallel = 1;
				LastSwiftUpdateCheck = 1540;
				LastUpgradeCheck = 1540;
				TargetAttributes = {
					CC01A3EF2D0BF14000842120 = {
						CreatedOnToolsVersion = 15.4;
					};
				};
			};
			buildConfigurationList = CC01A3EB2D0BF14000842120 /* Build configuration list for PBXProject "Baekjoon" */;
			compatibilityVersion = "Xcode 14.0";
			developmentRegion = en;
			hasScannedForEncodings = 0;
			knownRegions = (
				en,
				Base,
			);
			mainGroup = CC01A3E72D0BF14000842120;
			productRefGroup = CC01A3F12D0BF14000842120 /* Products */;
			projectDirPath = "";
			projectRoot = "";
			targets = (
				CC01A3EF2D0BF14000842120 /* Baekjoon */,
			);
		};
/* End PBXProject section */

/* Begin PBXSourcesBuildPhase section */
		CC01A3EC2D0BF14000842120 /* Sources */ = {
			isa = PBXSourcesBuildPhase;
			buildActionMask = 2147483647;
			files = (
				CC01A4002D0C050600842120 /* 트럭주차.swift in Sources */,
				CC01A3F42D0BF14000842120 /* main.swift in Sources */,
				CC01A4072D0D49A000842120 /* 펠린드롬 확인하기.swift in Sources */,
				CC01A3FD2D0BFC5D00842120 /* 알파벳 개수.swift in Sources */,
				CC01A4092D0D4BCD00842120 /* 농구경기.swift in Sources */,
				CC01A40B2D0D534900842120 /* ROT13.swift in Sources */,
				CC01A3FB2D0BF8D800842120 /* 일곱난쟁이.swift in Sources */,
			);
			runOnlyForDeploymentPostprocessing = 0;
		};
/* End PBXSourcesBuildPhase section */

/* Begin XCBuildConfiguration section */
		CC01A3F52D0BF14000842120 /* Debug */ = {
			isa = XCBuildConfiguration;
			buildSettings = {
				ALWAYS_SEARCH_USER_PATHS = NO;
				ASSETCATALOG_COMPILER_GENERATE_SWIFT_ASSET_SYMBOL_EXTENSIONS = YES;
				CLANG_ANALYZER_NONNULL = YES;
				CLANG_ANALYZER_NUMBER_OBJECT_CONVERSION = YES_AGGRESSIVE;
				CLANG_CXX_LANGUAGE_STANDARD = "gnu++20";
				CLANG_ENABLE_MODULES = YES;
				CLANG_ENABLE_OBJC_ARC = YES;
				CLANG_ENABLE_OBJC_WEAK = YES;
				CLANG_WARN_BLOCK_CAPTURE_AUTORELEASING = YES;
				CLANG_WARN_BOOL_CONVERSION = YES;
				CLANG_WARN_COMMA = YES;
				CLANG_WARN_CONSTANT_CONVERSION = YES;
				CLANG_WARN_DEPRECATED_OBJC_IMPLEMENTATIONS = YES;
				CLANG_WARN_DIRECT_OBJC_ISA_USAGE = YES_ERROR;
				CLANG_WARN_DOCUMENTATION_COMMENTS = YES;
				CLANG_WARN_EMPTY_BODY = YES;
				CLANG_WARN_ENUM_CONVERSION = YES;
				CLANG_WARN_INFINITE_RECURSION = YES;
				CLANG_WARN_INT_CONVERSION = YES;
				CLANG_WARN_NON_LITERAL_NULL_CONVERSION = YES;
				CLANG_WARN_OBJC_IMPLICIT_RETAIN_SELF = YES;
				CLANG_WARN_OBJC_LITERAL_CONVERSION = YES;
				CLANG_WARN_OBJC_ROOT_CLASS = YES_ERROR;
				CLANG_WARN_QUOTED_INCLUDE_IN_FRAMEWORK_HEADER = YES;
				CLANG_WARN_RANGE_LOOP_ANALYSIS = YES;
				CLANG_WARN_STRICT_PROTOTYPES = YES;
				CLANG_WARN_SUSPICIOUS_MOVE = YES;
				CLANG_WARN_UNGUARDED_AVAILABILITY = YES_AGGRESSIVE;
				CLANG_WARN_UNREACHABLE_CODE = YES;
				CLANG_WARN__DUPLICATE_METHOD_MATCH = YES;
				COPY_PHASE_STRIP = NO;
				DEBUG_INFORMATION_FORMAT = dwarf;
				ENABLE_STRICT_OBJC_MSGSEND = YES;
				ENABLE_TESTABILITY = YES;
				ENABLE_USER_SCRIPT_SANDBOXING = YES;
				GCC_C_LANGUAGE_STANDARD = gnu17;
				GCC_DYNAMIC_NO_PIC = NO;
				GCC_NO_COMMON_BLOCKS = YES;
				GCC_OPTIMIZATION_LEVEL = 0;
				GCC_PREPROCESSOR_DEFINITIONS = (
					"DEBUG=1",
					"$(inherited)",
				);
				GCC_WARN_64_TO_32_BIT_CONVERSION = YES;
				GCC_WARN_ABOUT_RETURN_TYPE = YES_ERROR;
				GCC_WARN_UNDECLARED_SELECTOR = YES;
				GCC_WARN_UNINITIALIZED_AUTOS = YES_AGGRESSIVE;
				GCC_WARN_UNUSED_FUNCTION = YES;
				GCC_WARN_UNUSED_VARIABLE = YES;
				LOCALIZATION_PREFERS_STRING_CATALOGS = YES;
				MACOSX_DEPLOYMENT_TARGET = 14.5;
				MTL_ENABLE_DEBUG_INFO = INCLUDE_SOURCE;
				MTL_FAST_MATH = YES;
				ONLY_ACTIVE_ARCH = YES;
				SDKROOT = macosx;
				SWIFT_ACTIVE_COMPILATION_CONDITIONS = "DEBUG $(inherited)";
				SWIFT_OPTIMIZATION_LEVEL = "-Onone";
			};
			name = Debug;
		};
		CC01A3F62D0BF14000842120 /* Release */ = {
			isa = XCBuildConfiguration;
			buildSettings = {
				ALWAYS_SEARCH_USER_PATHS = NO;
				ASSETCATALOG_COMPILER_GENERATE_SWIFT_ASSET_SYMBOL_EXTENSIONS = YES;
				CLANG_ANALYZER_NONNULL = YES;
				CLANG_ANALYZER_NUMBER_OBJECT_CONVERSION = YES_AGGRESSIVE;
				CLANG_CXX_LANGUAGE_STANDARD = "gnu++20";
				CLANG_ENABLE_MODULES = YES;
				CLANG_ENABLE_OBJC_ARC = YES;
				CLANG_ENABLE_OBJC_WEAK = YES;
				CLANG_WARN_BLOCK_CAPTURE_AUTORELEASING = YES;
				CLANG_WARN_BOOL_CONVERSION = YES;
				CLANG_WARN_COMMA = YES;
				CLANG_WARN_CONSTANT_CONVERSION = YES;
				CLANG_WARN_DEPRECATED_OBJC_IMPLEMENTATIONS = YES;
				CLANG_WARN_DIRECT_OBJC_ISA_USAGE = YES_ERROR;
				CLANG_WARN_DOCUMENTATION_COMMENTS = YES;
				CLANG_WARN_EMPTY_BODY = YES;
				CLANG_WARN_ENUM_CONVERSION = YES;
				CLANG_WARN_INFINITE_RECURSION = YES;
				CLANG_WARN_INT_CONVERSION = YES;
				CLANG_WARN_NON_LITERAL_NULL_CONVERSION = YES;
				CLANG_WARN_OBJC_IMPLICIT_RETAIN_SELF = YES;
				CLANG_WARN_OBJC_LITERAL_CONVERSION = YES;
				CLANG_WARN_OBJC_ROOT_CLASS = YES_ERROR;
				CLANG_WARN_QUOTED_INCLUDE_IN_FRAMEWORK_HEADER = YES;
				CLANG_WARN_RANGE_LOOP_ANALYSIS = YES;
				CLANG_WARN_STRICT_PROTOTYPES = YES;
				CLANG_WARN_SUSPICIOUS_MOVE = YES;
				CLANG_WARN_UNGUARDED_AVAILABILITY = YES_AGGRESSIVE;
				CLANG_WARN_UNREACHABLE_CODE = YES;
				CLANG_WARN__DUPLICATE_METHOD_MATCH = YES;
				COPY_PHASE_STRIP = NO;
				DEBUG_INFORMATION_FORMAT = "dwarf-with-dsym";
				ENABLE_NS_ASSERTIONS = NO;
				ENABLE_STRICT_OBJC_MSGSEND = YES;
				ENABLE_USER_SCRIPT_SANDBOXING = YES;
				GCC_C_LANGUAGE_STANDARD = gnu17;
				GCC_NO_COMMON_BLOCKS = YES;
				GCC_WARN_64_TO_32_BIT_CONVERSION = YES;
				GCC_WARN_ABOUT_RETURN_TYPE = YES_ERROR;
				GCC_WARN_UNDECLARED_SELECTOR = YES;
				GCC_WARN_UNINITIALIZED_AUTOS = YES_AGGRESSIVE;
				GCC_WARN_UNUSED_FUNCTION = YES;
				GCC_WARN_UNUSED_VARIABLE = YES;
				LOCALIZATION_PREFERS_STRING_CATALOGS = YES;
				MACOSX_DEPLOYMENT_TARGET = 14.5;
				MTL_ENABLE_DEBUG_INFO = NO;
				MTL_FAST_MATH = YES;
				SDKROOT = macosx;
				SWIFT_COMPILATION_MODE = wholemodule;
			};
			name = Release;
		};
		CC01A3F82D0BF14000842120 /* Debug */ = {
			isa = XCBuildConfiguration;
			buildSettings = {
				CODE_SIGN_STYLE = Automatic;
				DEVELOPMENT_TEAM = YWNQ4RZBTS;
				ENABLE_HARDENED_RUNTIME = YES;
				PRODUCT_NAME = "$(TARGET_NAME)";
				SWIFT_VERSION = 5.0;
			};
			name = Debug;
		};
		CC01A3F92D0BF14000842120 /* Release */ = {
			isa = XCBuildConfiguration;
			buildSettings = {
				CODE_SIGN_STYLE = Automatic;
				DEVELOPMENT_TEAM = YWNQ4RZBTS;
				ENABLE_HARDENED_RUNTIME = YES;
				PRODUCT_NAME = "$(TARGET_NAME)";
				SWIFT_VERSION = 5.0;
			};
			name = Release;
		};
/* End XCBuildConfiguration section */

/* Begin XCConfigurationList section */
		CC01A3EB2D0BF14000842120 /* Build configuration list for PBXProject "Baekjoon" */ = {
			isa = XCConfigurationList;
			buildConfigurations = (
				CC01A3F52D0BF14000842120 /* Debug */,
				CC01A3F62D0BF14000842120 /* Release */,
			);
			defaultConfigurationIsVisible = 0;
			defaultConfigurationName = Release;
		};
		CC01A3F72D0BF14000842120 /* Build configuration list for PBXNativeTarget "Baekjoon" */ = {
			isa = XCConfigurationList;
			buildConfigurations = (
				CC01A3F82D0BF14000842120 /* Debug */,
				CC01A3F92D0BF14000842120 /* Release */,
			);
			defaultConfigurationIsVisible = 0;
			defaultConfigurationName = Release;
		};
/* End XCConfigurationList section */
	};
	rootObject = CC01A3E82D0BF14000842120 /* Project object */;
}
